
Microsoft Visual Studio Solution File, Format Version 12.00
Project("{FAE04EC0-301F-11D3-BF4B-00C04F79EFBC}") = "Securancy.Labs.KvkApi", "Securancy.Labs.KvkApi\Securancy.Labs.KvkApi.csproj", "{2A7D7504-DB8C-4828-9A6A-8563BB8270C5}"
EndProject
Project("{FAE04EC0-301F-11D3-BF4B-00C04F79EFBC}") = "Securancy.Labs.KvkApi.Tests", "Securancy.Labs.KvkApi.Tests\Securancy.Labs.KvkApi.Tests.csproj", "{10126BAB-5694-4B1A-9B9A-34EEF06E77C0}"
EndProject
Global
	GlobalSection(SolutionConfigurationPlatforms) = preSolution
		Debug|Any CPU = Debug|Any CPU
		Release|Any CPU = Release|Any CPU
	EndGlobalSection
	GlobalSection(ProjectConfigurationPlatforms) = postSolution
		{2A7D7504-DB8C-4828-9A6A-8563BB8270C5}.Debug|Any CPU.ActiveCfg = Debug|Any CPU
		{2A7D7504-DB8C-4828-9A6A-8563BB8270C5}.Debug|Any CPU.Build.0 = Debug|Any CPU
		{2A7D7504-DB8C-4828-9A6A-8563BB8270C5}.Release|Any CPU.ActiveCfg = Release|Any CPU
		{2A7D7504-DB8C-4828-9A6A-8563BB8270C5}.Release|Any CPU.Build.0 = Release|Any CPU
		{10126BAB-5694-4B1A-9B9A-34EEF06E77C0}.Debug|Any CPU.ActiveCfg = Debug|Any CPU
		{10126BAB-5694-4B1A-9B9A-34EEF06E77C0}.Debug|Any CPU.Build.0 = Debug|Any CPU
		{10126BAB-5694-4B1A-9B9A-34EEF06E77C0}.Release|Any CPU.ActiveCfg = Release|Any CPU
		{10126BAB-5694-4B1A-9B9A-34EEF06E77C0}.Release|Any CPU.Build.0 = Release|Any CPU
	EndGlobalSection
EndGlobal
